
Microsoft Visual Studio Solution File, Format Version 12.00
# Visual Studio Version 17
VisualStudioVersion = 17.0.31903.59
MinimumVisualStudioVersion = 10.0.40219.1
Project("{FAE04EC0-301F-11D3-BF4B-00C04F79EFBC}") = "minipak_gen", "minipak_gen\minipak_gen.csproj", "{14BA5A5D-CC74-4824-B71C-5F0CAFEAB6A6}"
EndProject
Project("{FAE04EC0-301F-11D3-BF4B-00C04F79EFBC}") = "Kitsusu", "Kitsusu\Kitsusu.csproj", "{BA05A328-3FC8-42A6-9E8B-FDF223BA5FAB}"
EndProject
Global
	GlobalSection(SolutionConfigurationPlatforms) = preSolution
		Debug|Any CPU = Debug|Any CPU
		Debug|x64 = Debug|x64
		Debug|x86 = Debug|x86
		Release|Any CPU = Release|Any CPU
		Release|x64 = Release|x64
		Release|x86 = Release|x86
	EndGlobalSection
	GlobalSection(ProjectConfigurationPlatforms) = postSolution
		{14BA5A5D-CC74-4824-B71C-5F0CAFEAB6A6}.Debug|Any CPU.ActiveCfg = Debug|Any CPU
		{14BA5A5D-CC74-4824-B71C-5F0CAFEAB6A6}.Debug|Any CPU.Build.0 = Debug|Any CPU
		{14BA5A5D-CC74-4824-B71C-5F0CAFEAB6A6}.Debug|x64.ActiveCfg = Debug|Any CPU
		{14BA5A5D-CC74-4824-B71C-5F0CAFEAB6A6}.Debug|x64.Build.0 = Debug|Any CPU
		{14BA5A5D-CC74-4824-B71C-5F0CAFEAB6A6}.Debug|x86.ActiveCfg = Debug|Any CPU
		{14BA5A5D-CC74-4824-B71C-5F0CAFEAB6A6}.Debug|x86.Build.0 = Debug|Any CPU
		{14BA5A5D-CC74-4824-B71C-5F0CAFEAB6A6}.Release|Any CPU.ActiveCfg = Release|Any CPU
		{14BA5A5D-CC74-4824-B71C-5F0CAFEAB6A6}.Release|Any CPU.Build.0 = Release|Any CPU
		{14BA5A5D-CC74-4824-B71C-5F0CAFEAB6A6}.Release|x64.ActiveCfg = Release|Any CPU
		{14BA5A5D-CC74-4824-B71C-5F0CAFEAB6A6}.Release|x64.Build.0 = Release|Any CPU
		{14BA5A5D-CC74-4824-B71C-5F0CAFEAB6A6}.Release|x86.ActiveCfg = Release|Any CPU
		{14BA5A5D-CC74-4824-B71C-5F0CAFEAB6A6}.Release|x86.Build.0 = Release|Any CPU
		{BA05A328-3FC8-42A6-9E8B-FDF223BA5FAB}.Debug|Any CPU.ActiveCfg = Debug|Any CPU
		{BA05A328-3FC8-42A6-9E8B-FDF223BA5FAB}.Debug|Any CPU.Build.0 = Debug|Any CPU
		{BA05A328-3FC8-42A6-9E8B-FDF223BA5FAB}.Debug|x64.ActiveCfg = Debug|Any CPU
		{BA05A328-3FC8-42A6-9E8B-FDF223BA5FAB}.Debug|x64.Build.0 = Debug|Any CPU
		{BA05A328-3FC8-42A6-9E8B-FDF223BA5FAB}.Debug|x86.ActiveCfg = Debug|Any CPU
		{BA05A328-3FC8-42A6-9E8B-FDF223BA5FAB}.Debug|x86.Build.0 = Debug|Any CPU
		{BA05A328-3FC8-42A6-9E8B-FDF223BA5FAB}.Release|Any CPU.ActiveCfg = Release|Any CPU
		{BA05A328-3FC8-42A6-9E8B-FDF223BA5FAB}.Release|Any CPU.Build.0 = Release|Any CPU
		{BA05A328-3FC8-42A6-9E8B-FDF223BA5FAB}.Release|x64.ActiveCfg = Release|Any CPU
		{BA05A328-3FC8-42A6-9E8B-FDF223BA5FAB}.Release|x64.Build.0 = Release|Any CPU
		{BA05A328-3FC8-42A6-9E8B-FDF223BA5FAB}.Release|x86.ActiveCfg = Release|Any CPU
		{BA05A328-3FC8-42A6-9E8B-FDF223BA5FAB}.Release|x86.Build.0 = Release|Any CPU
	EndGlobalSection
	GlobalSection(SolutionProperties) = preSolution
		HideSolutionNode = FALSE
	EndGlobalSection
	GlobalSection(ExtensibilityGlobals) = postSolution
		SolutionGuid = {5990E7B4-4007-44FC-897D-F1724250CD9A}
	EndGlobalSection
EndGlobal
